
Microsoft Visual Studio Solution File, Format Version 12.00
# Visual Studio Version 17
VisualStudioVersion = 17.1.32210.238
MinimumVisualStudioVersion = 10.0.40219.1
Project("{FAE04EC0-301F-11D3-BF4B-00C04F79EFBC}") = "Mozilla_Selenium", "Mozilla_Selenium\Mozilla_Selenium.csproj", "{046BB0DC-B269-44C7-ACD6-3F827EE22698}"
EndProject
Project("{2150E333-8FDC-42A3-9474-1A3956D46DE8}") = "Solution Items", "Solution Items", "{5AB8A658-4E36-4659-BED9-AEC14DBA9857}"
	ProjectSection(SolutionItems) = preProject
		inputs.txt = inputs.txt
	EndProjectSection
EndProject
Global
	GlobalSection(SolutionConfigurationPlatforms) = preSolution
		Debug|Any CPU = Debug|Any CPU
		Release|Any CPU = Release|Any CPU
	EndGlobalSection
	GlobalSection(ProjectConfigurationPlatforms) = postSolution
		{046BB0DC-B269-44C7-ACD6-3F827EE22698}.Debug|Any CPU.ActiveCfg = Debug|Any CPU
		{046BB0DC-B269-44C7-ACD6-3F827EE22698}.Debug|Any CPU.Build.0 = Debug|Any CPU
		{046BB0DC-B269-44C7-ACD6-3F827EE22698}.Release|Any CPU.ActiveCfg = Release|Any CPU
		{046BB0DC-B269-44C7-ACD6-3F827EE22698}.Release|Any CPU.Build.0 = Release|Any CPU
	EndGlobalSection
	GlobalSection(SolutionProperties) = preSolution
		HideSolutionNode = FALSE
	EndGlobalSection
	GlobalSection(ExtensibilityGlobals) = postSolution
		SolutionGuid = {4AB8EA65-EB3D-456A-A3F0-311993DAE6F2}
	EndGlobalSection
EndGlobal
